PODS:
  - FlutterMacOS (1.0.0)
  - photo_native (0.1.0):
    - FlutterMacOS

DEPENDENCIES:
  - FlutterMacOS (from `Flutter/ephemeral`)
  - photo_native (from `Flutter/ephemeral/.symlinks/plugins/photo_native/macos`)

EXTERNAL SOURCES:
  FlutterMacOS:
    :path: Flutter/ephemeral
  photo_native:
    :path: Flutter/ephemeral/.symlinks/plugins/photo_native/macos

SPEC CHECKSUMS:
  FlutterMacOS: d0db08ddef1a9af05a5ec4b724367152bb0500b1
  photo_native: 9fc1381bb12539f11a729570331421ce99d2b939

PODFILE CHECKSUM: 89c84cf5c2351c1e554c6dea18d31a879fc3a19e

COCOAPODS: 1.11.3
